
Microsoft Visual Studio Solution File, Format Version 12.00
# Visual Studio Version 17
VisualStudioVersion = 17.1.32228.430
MinimumVisualStudioVersion = 10.0.40219.1
Project("{FAE04EC0-301F-11D3-BF4B-00C04F79EFBC}") = "Shiba.Gateway", "Shiba.Gateway\Shiba.Gateway.csproj", "{25CE6E4A-F037-47E7-B363-43D9592B3B5E}"
EndProject
Global
	GlobalSection(SolutionConfigurationPlatforms) = preSolution
		Debug|Any CPU = Debug|Any CPU
		Release|Any CPU = Release|Any CPU
	EndGlobalSection
	GlobalSection(ProjectConfigurationPlatforms) = postSolution
		{25CE6E4A-F037-47E7-B363-43D9592B3B5E}.Debug|Any CPU.ActiveCfg = Debug|Any CPU
		{25CE6E4A-F037-47E7-B363-43D9592B3B5E}.Debug|Any CPU.Build.0 = Debug|Any CPU
		{25CE6E4A-F037-47E7-B363-43D9592B3B5E}.Release|Any CPU.ActiveCfg = Release|Any CPU
		{25CE6E4A-F037-47E7-B363-43D9592B3B5E}.Release|Any CPU.Build.0 = Release|Any CPU
	EndGlobalSection
	GlobalSection(SolutionProperties) = preSolution
		HideSolutionNode = FALSE
	EndGlobalSection
	GlobalSection(ExtensibilityGlobals) = postSolution
		SolutionGuid = {C4558FAA-2486-40A9-BBC5-4B6AB70399D9}
	EndGlobalSection
EndGlobal
